PODS:
  - AmazonIVSPlayer (1.38.0)
  - FirebaseCore (11.12.0):
    - FirebaseCoreInternal (~> 11.12.0)
    - GoogleUtilities/Environment (~> 8.0)
    - GoogleUtilities/Logger (~> 8.0)
  - FirebaseCoreExtension (11.12.0):
    - FirebaseCore (~> 11.12.0)
  - FirebaseCoreInternal (11.12.0):
    - "GoogleUtilities/NSData+zlib (~> 8.0)"
  - FirebaseCrashlytics (11.12.0):
    - FirebaseCore (~> 11.12.0)
    - FirebaseInstallations (~> 11.0)
    - FirebaseRemoteConfigInterop (~> 11.0)
    - FirebaseSessions (~> 11.0)
    - GoogleDataTransport (~> 10.0)
    - GoogleUtilities/Environment (~> 8.0)
    - nanopb (~> 3.30910.0)
    - PromisesObjC (~> 2.4)
  - FirebaseInstallations (11.12.0):
    - FirebaseCore (~> 11.12.0)
    - GoogleUtilities/Environment (~> 8.0)
    - GoogleUtilities/UserDefaults (~> 8.0)
    - PromisesObjC (~> 2.4)
  - FirebaseRemoteConfigInterop (11.12.0)
  - FirebaseSessions (11.12.0):
    - FirebaseCore (~> 11.12.0)
    - FirebaseCoreExtension (~> 11.12.0)
    - FirebaseInstallations (~> 11.0)
    - GoogleDataTransport (~> 10.0)
    - GoogleUtilities/Environment (~> 8.0)
    - GoogleUtilities/UserDefaults (~> 8.0)
    - nanopb (~> 3.30910.0)
    - PromisesSwift (~> 2.1)
  - FireworkVideo (1.30.0)
  - FireworkVideoIVSSupport (0.9.0):
    - AmazonIVSPlayer (= 1.38.0)
  - FireworkVideoUI (0.2.15):
    - FireworkVideo (>= 1.29.1)
  - Flutter (1.0.0)
  - fw_flutter_sdk (1.0.0):
    - FireworkVideo (= 1.30.0)
    - FireworkVideoUI (= 0.2.15)
    - Flutter
  - GoogleDataTransport (10.1.0):
    - nanopb (~> 3.30910.0)
    - PromisesObjC (~> 2.4)
  - GoogleUtilities/Environment (8.1.0):
    - GoogleUtilities/Privacy
  - GoogleUtilities/Logger (8.1.0):
    - GoogleUtilities/Environment
    - GoogleUtilities/Privacy
  - "GoogleUtilities/NSData+zlib (8.1.0)":
    - GoogleUtilities/Privacy
  - GoogleUtilities/Privacy (8.1.0)
  - GoogleUtilities/UserDefaults (8.1.0):
    - GoogleUtilities/Logger
    - GoogleUtilities/Privacy
  - nanopb (3.30910.0):
    - nanopb/decode (= 3.30910.0)
    - nanopb/encode (= 3.30910.0)
  - nanopb/decode (3.30910.0)
  - nanopb/encode (3.30910.0)
  - path_provider_foundation (0.0.1):
    - Flutter
    - FlutterMacOS
  - PromisesObjC (2.4.0)
  - PromisesSwift (2.4.0):
    - PromisesObjC (= 2.4.0)
  - sqflite_darwin (0.0.4):
    - Flutter
    - FlutterMacOS
  - webview_flutter_wkwebview (0.0.1):
    - Flutter
    - FlutterMacOS

DEPENDENCIES:
  - FirebaseCrashlytics
  - FireworkVideoIVSSupport (= 0.9.0)
  - Flutter (from `Flutter`)
  - fw_flutter_sdk (from `.symlinks/plugins/fw_flutter_sdk/ios`)
  - path_provider_foundation (from `.symlinks/plugins/path_provider_foundation/darwin`)
  - sqflite_darwin (from `.symlinks/plugins/sqflite_darwin/darwin`)
  - webview_flutter_wkwebview (from `.symlinks/plugins/webview_flutter_wkwebview/darwin`)

SPEC REPOS:
  trunk:
    - AmazonIVSPlayer
    - FirebaseCore
    - FirebaseCoreExtension
    - FirebaseCoreInternal
    - FirebaseCrashlytics
    - FirebaseInstallations
    - FirebaseRemoteConfigInterop
    - FirebaseSessions
    - FireworkVideo
    - FireworkVideoIVSSupport
    - FireworkVideoUI
    - GoogleDataTransport
    - GoogleUtilities
    - nanopb
    - PromisesObjC
    - PromisesSwift

EXTERNAL SOURCES:
  Flutter:
    :path: Flutter
  fw_flutter_sdk:
    :path: ".symlinks/plugins/fw_flutter_sdk/ios"
  path_provider_foundation:
    :path: ".symlinks/plugins/path_provider_foundation/darwin"
  sqflite_darwin:
    :path: ".symlinks/plugins/sqflite_darwin/darwin"
  webview_flutter_wkwebview:
    :path: ".symlinks/plugins/webview_flutter_wkwebview/darwin"

SPEC CHECKSUMS:
  AmazonIVSPlayer: a0814406d75cca65998039f63ff9057ab3492b91
  FirebaseCore: 9d7a0caf39ec7317fbe13b3c7864c8c2acc60da8
  FirebaseCoreExtension: 5e42645fd3f7c2c59ea5ed7641dd58f02bc565d1
  FirebaseCoreInternal: 480d23e21f699cc7bcbc3d8eaa301f15d1e3ffaf
  FirebaseCrashlytics: 90ea664e2b9dcf1aa5087ec6f684e9a0035d2378
  FirebaseInstallations: 41189d8b11007152d9e46ec844019f38a0a4282a
  FirebaseRemoteConfigInterop: 82b81fd06ee550cbeff40004e2c106daedf73e38
  FirebaseSessions: 2c0ea8956085570415601d64cc7ebe83c8dd5c93
  FireworkVideo: 3666a2f164ddfeadb99da5dd93213d3256a82dd5
  FireworkVideoIVSSupport: 04df9642ad79ead5fddaece08f98da005bfa2451
  FireworkVideoUI: c4cc4c5a8a405881ce9d8e15b3fe36d5ae9fabdb
  Flutter: e0871f40cf51350855a761d2e70bf5af5b9b5de7
  fw_flutter_sdk: a69bc20d6850c96dc438eba1f5b4e9626542e90c
  GoogleDataTransport: aae35b7ea0c09004c3797d53c8c41f66f219d6a7
  GoogleUtilities: 00c88b9a86066ef77f0da2fab05f65d7768ed8e1
  nanopb: fad817b59e0457d11a5dfbde799381cd727c1275
  path_provider_foundation: 2b6b4c569c0fb62ec74538f866245ac84301af46
  PromisesObjC: f5707f49cb48b9636751c5b2e7d227e43fba9f47
  PromisesSwift: 9d77319bbe72ebf6d872900551f7eeba9bce2851
  sqflite_darwin: 5a7236e3b501866c1c9befc6771dfd73ffb8702d
  webview_flutter_wkwebview: 0982481e3d9c78fd5c6f62a002fcd24fc791f1e4

PODFILE CHECKSUM: c977bdbbfc5775d212b470eb3ed9212d7eebb829

COCOAPODS: 1.16.2
